
Microsoft Visual Studio Solution File, Format Version 12.00
Project("{FAE04EC0-301F-11D3-BF4B-00C04F79EFBC}") = "BasketTest", "BasketTest\BasketTest.csproj", "{1046F6CC-CB8A-4169-89AC-DD6078E26375}"
EndProject
Project("{FAE04EC0-301F-11D3-BF4B-00C04F79EFBC}") = "Basket", "Basket\Basket.csproj", "{F81883FF-0434-4AF3-B841-4DF18B90548A}"
EndProject
Global
	GlobalSection(SolutionConfigurationPlatforms) = preSolution
		Debug|Any CPU = Debug|Any CPU
		Release|Any CPU = Release|Any CPU
	EndGlobalSection
	GlobalSection(ProjectConfigurationPlatforms) = postSolution
		{1046F6CC-CB8A-4169-89AC-DD6078E26375}.Debug|Any CPU.ActiveCfg = Debug|Any CPU
		{1046F6CC-CB8A-4169-89AC-DD6078E26375}.Debug|Any CPU.Build.0 = Debug|Any CPU
		{1046F6CC-CB8A-4169-89AC-DD6078E26375}.Release|Any CPU.ActiveCfg = Release|Any CPU
		{1046F6CC-CB8A-4169-89AC-DD6078E26375}.Release|Any CPU.Build.0 = Release|Any CPU
		{F81883FF-0434-4AF3-B841-4DF18B90548A}.Debug|Any CPU.ActiveCfg = Debug|Any CPU
		{F81883FF-0434-4AF3-B841-4DF18B90548A}.Debug|Any CPU.Build.0 = Debug|Any CPU
		{F81883FF-0434-4AF3-B841-4DF18B90548A}.Release|Any CPU.ActiveCfg = Release|Any CPU
		{F81883FF-0434-4AF3-B841-4DF18B90548A}.Release|Any CPU.Build.0 = Release|Any CPU
	EndGlobalSection
EndGlobal
